
Microsoft Visual Studio Solution File, Format Version 12.00
# Visual Studio Version 17
VisualStudioVersion = 17.5.002.0
MinimumVisualStudioVersion = 10.0.40219.1
Project("{9A19103F-16F7-4668-BE54-9A1E7A4F7556}") = "projetointegradorSenac", "projetointegradorSenac.csproj", "{7FDD0A3F-05A6-4057-A8EE-C2F0CE3665BC}"
EndProject
Global
	GlobalSection(SolutionConfigurationPlatforms) = preSolution
		Debug|Any CPU = Debug|Any CPU
		Release|Any CPU = Release|Any CPU
	EndGlobalSection
	GlobalSection(ProjectConfigurationPlatforms) = postSolution
		{7FDD0A3F-05A6-4057-A8EE-C2F0CE3665BC}.Debug|Any CPU.ActiveCfg = Debug|Any CPU
		{7FDD0A3F-05A6-4057-A8EE-C2F0CE3665BC}.Debug|Any CPU.Build.0 = Debug|Any CPU
		{7FDD0A3F-05A6-4057-A8EE-C2F0CE3665BC}.Release|Any CPU.ActiveCfg = Release|Any CPU
		{7FDD0A3F-05A6-4057-A8EE-C2F0CE3665BC}.Release|Any CPU.Build.0 = Release|Any CPU
	EndGlobalSection
	GlobalSection(SolutionProperties) = preSolution
		HideSolutionNode = FALSE
	EndGlobalSection
	GlobalSection(ExtensibilityGlobals) = postSolution
		SolutionGuid = {AFB41F4C-07AB-46E0-AD80-C0CD29288017}
	EndGlobalSection
EndGlobal
